github.com/Roboromeo1/taskmanagement_oauth-go v0.0.0-20220120174454-9a122c4d4c33 h1:rDsdOU+07XmcYx42Wt1PlJ3YK+4hbPuPEC/L26nXPXw=
github.com/Roboromeo1/taskmanagement_oauth-go v0.0.0-20220120174454-9a122c4d4c33/go.mod h1:gwS1fxWoEen+4WyFh5++HiAqwl/Np1XrWP+hElJFIwA=
github.com/Roboromeo1/taskmanagement_utils v0.0.0-20220120141943-066747196fc3 h1:tKYUyoYaWdyhwF3QJqIGuy8R6tXGtYiyDZCX6Sp8TKc=
github.com/Roboromeo1/taskmanagement_utils v0.0.0-20220120141943-066747196fc3/go.mod h1:zPXC2C80mINMZsnByMAnP4aQlimgyVmkflXvR35kNVc=
github.com/gorilla/mux v1.8.0 h1:i40aqfkR1h2SlN9hojwV5ZA91wcXFOvkdNIeFDP5koI=
github.com/gorilla/mux v1.8.0/go.mod h1:DVbg23sWSpFRCP0SfiEN6jmj59UnW/n46BH5rLB71So=
github.com/josharian/intern v1.0.0 h1:vlS4z54oSdjm0bgjRigI+G1HpF+tI+9rE5LLzOg8HmY=
github.com/josharian/intern v1.0.0/go.mod h1:5DoeVV0s6jJacbCEi61lwdGj/aVlrQvzHFFd8Hwg//Y=
github.com/mailru/easyjson v0.7.7 h1:UGYAvKxe3sBsEDzO8ZeWOSlIQfWFlxbzLZe7hwFURr0=
github.com/mailru/easyjson v0.7.7/go.mod h1:xzfreul335JAWq5oZzymOObrkdz5UnU4kGfJJLY9Nlc=
github.com/mercadolibre/golang-restclient v0.0.0-20170701022150-51958130a0a0 h1:EDOjA2IGgjSBlPlnW7CzBUo/o410SMiFh670jP29Kc4=
github.com/mercadolibre/golang-restclient v0.0.0-20170701022150-51958130a0a0/go.mod h1:Z7qYja4aGk/RWl1yJtN1LXRvC7Hsbq8SEbqWWDrMqMs=
github.com/olivere/elastic v6.2.37+incompatible h1:UfSGJem5czY+x/LqxgeCBgjDn6St+z8OnsCuxwD3L0U=
github.com/olivere/elastic v6.2.37+incompatible/go.mod h1:J+q1zQJTgAz9woqsbVRqGeB5G1iqDKVBWLNSYW8yfJ8=
github.com/pkg/errors v0.9.1 h1:FEBLx1zS214owpjy7qsBeixbURkuhQAwrK5UwLGTwt4=
github.com/pkg/errors v0.9.1/go.mod h1:bwawxfHBFNV+L2hUp1rHADufV3IMtnDRdf1r5NINEl0=
